
Microsoft Visual Studio Solution File, Format Version 12.00
# Visual Studio 2012
Project("{FAE04EC0-301F-11D3-BF4B-00C04F79EFBC}") = "Enabling.Core", "Enabling.Core\Enabling.Core.csproj", "{1146658E-60CC-4883-91F1-90E1D3D56C8F}"
EndProject
Project("{FAE04EC0-301F-11D3-BF4B-00C04F79EFBC}") = "Enabling.Touch", "Enabling.Touch\Enabling.Touch.csproj", "{210CB1F8-B785-423D-A765-B846E7011C32}"
EndProject
Global
	GlobalSection(SolutionConfigurationPlatforms) = preSolution
		Ad-Hoc|Any CPU = Ad-Hoc|Any CPU
		Ad-Hoc|iPhone = Ad-Hoc|iPhone
		Ad-Hoc|iPhoneSimulator = Ad-Hoc|iPhoneSimulator
		Ad-Hoc|Mixed Platforms = Ad-Hoc|Mixed Platforms
		AppStore|Any CPU = AppStore|Any CPU
		AppStore|iPhone = AppStore|iPhone
		AppStore|iPhoneSimulator = AppStore|iPhoneSimulator
		AppStore|Mixed Platforms = AppStore|Mixed Platforms
		Debug|Any CPU = Debug|Any CPU
		Debug|iPhone = Debug|iPhone
		Debug|iPhoneSimulator = Debug|iPhoneSimulator
		Debug|Mixed Platforms = Debug|Mixed Platforms
		Release|Any CPU = Release|Any CPU
		Release|iPhone = Release|iPhone
		Release|iPhoneSimulator = Release|iPhoneSimulator
		Release|Mixed Platforms = Release|Mixed Platforms
	EndGlobalSection
	GlobalSection(ProjectConfigurationPlatforms) = postSolution
		{1146658E-60CC-4883-91F1-90E1D3D56C8F}.Ad-Hoc|Any CPU.ActiveCfg = Release|Any CPU
		{1146658E-60CC-4883-91F1-90E1D3D56C8F}.Ad-Hoc|Any CPU.Build.0 = Release|Any CPU
		{1146658E-60CC-4883-91F1-90E1D3D56C8F}.Ad-Hoc|iPhone.ActiveCfg = Release|Any CPU
		{1146658E-60CC-4883-91F1-90E1D3D56C8F}.Ad-Hoc|iPhoneSimulator.ActiveCfg = Release|Any CPU
		{1146658E-60CC-4883-91F1-90E1D3D56C8F}.Ad-Hoc|Mixed Platforms.ActiveCfg = Release|Any CPU
		{1146658E-60CC-4883-91F1-90E1D3D56C8F}.Ad-Hoc|Mixed Platforms.Build.0 = Release|Any CPU
		{1146658E-60CC-4883-91F1-90E1D3D56C8F}.AppStore|Any CPU.ActiveCfg = Release|Any CPU
		{1146658E-60CC-4883-91F1-90E1D3D56C8F}.AppStore|Any CPU.Build.0 = Release|Any CPU
		{1146658E-60CC-4883-91F1-90E1D3D56C8F}.AppStore|iPhone.ActiveCfg = Release|Any CPU
		{1146658E-60CC-4883-91F1-90E1D3D56C8F}.AppStore|iPhoneSimulator.ActiveCfg = Release|Any CPU
		{1146658E-60CC-4883-91F1-90E1D3D56C8F}.AppStore|Mixed Platforms.ActiveCfg = Release|Any CPU
		{1146658E-60CC-4883-91F1-90E1D3D56C8F}.AppStore|Mixed Platforms.Build.0 = Release|Any CPU
		{1146658E-60CC-4883-91F1-90E1D3D56C8F}.Debug|Any CPU.ActiveCfg = Debug|Any CPU
		{1146658E-60CC-4883-91F1-90E1D3D56C8F}.Debug|Any CPU.Build.0 = Debug|Any CPU
		{1146658E-60CC-4883-91F1-90E1D3D56C8F}.Debug|iPhone.ActiveCfg = Debug|Any CPU
		{1146658E-60CC-4883-91F1-90E1D3D56C8F}.Debug|iPhoneSimulator.ActiveCfg = Debug|Any CPU
		{1146658E-60CC-4883-91F1-90E1D3D56C8F}.Debug|iPhoneSimulator.Build.0 = Debug|Any CPU
		{1146658E-60CC-4883-91F1-90E1D3D56C8F}.Debug|Mixed Platforms.ActiveCfg = Debug|Any CPU
		{1146658E-60CC-4883-91F1-90E1D3D56C8F}.Debug|Mixed Platforms.Build.0 = Debug|Any CPU
		{1146658E-60CC-4883-91F1-90E1D3D56C8F}.Release|Any CPU.ActiveCfg = Release|Any CPU
		{1146658E-60CC-4883-91F1-90E1D3D56C8F}.Release|Any CPU.Build.0 = Release|Any CPU
		{1146658E-60CC-4883-91F1-90E1D3D56C8F}.Release|iPhone.ActiveCfg = Release|Any CPU
		{1146658E-60CC-4883-91F1-90E1D3D56C8F}.Release|iPhoneSimulator.ActiveCfg = Release|Any CPU
		{1146658E-60CC-4883-91F1-90E1D3D56C8F}.Release|Mixed Platforms.ActiveCfg = Release|Any CPU
		{1146658E-60CC-4883-91F1-90E1D3D56C8F}.Release|Mixed Platforms.Build.0 = Release|Any CPU
		{210CB1F8-B785-423D-A765-B846E7011C32}.Ad-Hoc|Any CPU.ActiveCfg = Ad-Hoc|iPhone
		{210CB1F8-B785-423D-A765-B846E7011C32}.Ad-Hoc|iPhone.ActiveCfg = Ad-Hoc|iPhone
		{210CB1F8-B785-423D-A765-B846E7011C32}.Ad-Hoc|iPhone.Build.0 = Ad-Hoc|iPhone
		{210CB1F8-B785-423D-A765-B846E7011C32}.Ad-Hoc|iPhone.Deploy.0 = Ad-Hoc|iPhone
		{210CB1F8-B785-423D-A765-B846E7011C32}.Ad-Hoc|iPhoneSimulator.ActiveCfg = Ad-Hoc|iPhoneSimulator
		{210CB1F8-B785-423D-A765-B846E7011C32}.Ad-Hoc|iPhoneSimulator.Build.0 = Ad-Hoc|iPhoneSimulator
		{210CB1F8-B785-423D-A765-B846E7011C32}.Ad-Hoc|iPhoneSimulator.Deploy.0 = Ad-Hoc|iPhoneSimulator
		{210CB1F8-B785-423D-A765-B846E7011C32}.Ad-Hoc|Mixed Platforms.ActiveCfg = Ad-Hoc|iPhone
		{210CB1F8-B785-423D-A765-B846E7011C32}.Ad-Hoc|Mixed Platforms.Build.0 = Ad-Hoc|iPhone
		{210CB1F8-B785-423D-A765-B846E7011C32}.Ad-Hoc|Mixed Platforms.Deploy.0 = Ad-Hoc|iPhone
		{210CB1F8-B785-423D-A765-B846E7011C32}.AppStore|Any CPU.ActiveCfg = AppStore|iPhone
		{210CB1F8-B785-423D-A765-B846E7011C32}.AppStore|iPhone.ActiveCfg = AppStore|iPhone
		{210CB1F8-B785-423D-A765-B846E7011C32}.AppStore|iPhone.Build.0 = AppStore|iPhone
		{210CB1F8-B785-423D-A765-B846E7011C32}.AppStore|iPhone.Deploy.0 = AppStore|iPhone
		{210CB1F8-B785-423D-A765-B846E7011C32}.AppStore|iPhoneSimulator.ActiveCfg = AppStore|iPhoneSimulator
		{210CB1F8-B785-423D-A765-B846E7011C32}.AppStore|iPhoneSimulator.Build.0 = AppStore|iPhoneSimulator
		{210CB1F8-B785-423D-A765-B846E7011C32}.AppStore|iPhoneSimulator.Deploy.0 = AppStore|iPhoneSimulator
		{210CB1F8-B785-423D-A765-B846E7011C32}.AppStore|Mixed Platforms.ActiveCfg = AppStore|iPhone
		{210CB1F8-B785-423D-A765-B846E7011C32}.AppStore|Mixed Platforms.Build.0 = AppStore|iPhone
		{210CB1F8-B785-423D-A765-B846E7011C32}.AppStore|Mixed Platforms.Deploy.0 = AppStore|iPhone
		{210CB1F8-B785-423D-A765-B846E7011C32}.Debug|Any CPU.ActiveCfg = Debug|iPhone
		{210CB1F8-B785-423D-A765-B846E7011C32}.Debug|iPhone.ActiveCfg = Debug|iPhone
		{210CB1F8-B785-423D-A765-B846E7011C32}.Debug|iPhone.Build.0 = Debug|iPhone
		{210CB1F8-B785-423D-A765-B846E7011C32}.Debug|iPhone.Deploy.0 = Debug|iPhone
		{210CB1F8-B785-423D-A765-B846E7011C32}.Debug|iPhoneSimulator.ActiveCfg = Debug|iPhoneSimulator
		{210CB1F8-B785-423D-A765-B846E7011C32}.Debug|iPhoneSimulator.Build.0 = Debug|iPhoneSimulator
		{210CB1F8-B785-423D-A765-B846E7011C32}.Debug|iPhoneSimulator.Deploy.0 = Debug|iPhoneSimulator
		{210CB1F8-B785-423D-A765-B846E7011C32}.Debug|Mixed Platforms.ActiveCfg = Debug|iPhone
		{210CB1F8-B785-423D-A765-B846E7011C32}.Debug|Mixed Platforms.Build.0 = Debug|iPhone
		{210CB1F8-B785-423D-A765-B846E7011C32}.Debug|Mixed Platforms.Deploy.0 = Debug|iPhone
		{210CB1F8-B785-423D-A765-B846E7011C32}.Release|Any CPU.ActiveCfg = Release|iPhone
		{210CB1F8-B785-423D-A765-B846E7011C32}.Release|iPhone.ActiveCfg = Release|iPhone
		{210CB1F8-B785-423D-A765-B846E7011C32}.Release|iPhone.Build.0 = Release|iPhone
		{210CB1F8-B785-423D-A765-B846E7011C32}.Release|iPhone.Deploy.0 = Release|iPhone
		{210CB1F8-B785-423D-A765-B846E7011C32}.Release|iPhoneSimulator.ActiveCfg = Release|iPhoneSimulator
		{210CB1F8-B785-423D-A765-B846E7011C32}.Release|iPhoneSimulator.Build.0 = Release|iPhoneSimulator
		{210CB1F8-B785-423D-A765-B846E7011C32}.Release|iPhoneSimulator.Deploy.0 = Release|iPhoneSimulator
		{210CB1F8-B785-423D-A765-B846E7011C32}.Release|Mixed Platforms.ActiveCfg = Release|iPhone
		{210CB1F8-B785-423D-A765-B846E7011C32}.Release|Mixed Platforms.Build.0 = Release|iPhone
		{210CB1F8-B785-423D-A765-B846E7011C32}.Release|Mixed Platforms.Deploy.0 = Release|iPhone
	EndGlobalSection
	GlobalSection(SolutionProperties) = preSolution
		HideSolutionNode = FALSE
	EndGlobalSection
EndGlobal
